// !$*UTF8*$!
{
	archiveVersion = 1;
	classes = {
	};
	objectVersion = 46;
	objects = {

/* Begin PBXBuildFile section */
		500A93E718DA142E00A7F33E /* Color.cpp in Sources */ = {isa = PBXBuildFile; fileRef = 500A93DA18DA142E00A7F33E /* Color.cpp */; };
		500A93E818DA142E00A7F33E /* Geometry.cpp in Sources */ = {isa = PBXBuildFile; fileRef = 500A93DC18DA142E00A7F33E /* Geometry.cpp */; };
		500A93E918DA142E00A7F33E /* Layer.cpp in Sources */ = {isa = PBXBuildFile; fileRef = 500A93DE18DA142E00A7F33E /* Layer.cpp */; };
		500A93EA18DA142E00A7F33E /* Object.cpp in Sources */ = {isa = PBXBuildFile; fileRef = 500A93E018DA142E00A7F33E /* Object.cpp */; };
		500A93EB18DA142E00A7F33E /* Renderer.cpp in Sources */ = {isa = PBXBuildFile; fileRef = 500A93E218DA142E00A7F33E /* Renderer.cpp */; };
		500A93ED18DA142E00A7F33E /* main.cpp in Sources */ = {isa = PBXBuildFile; fileRef = 500A93E618DA142E00A7F33E /* main.cpp */; };
		500AC36818D72B050008384D /* Cocoa.framework in Frameworks */ = {isa = PBXBuildFile; fileRef = 500AC36718D72B050008384D /* Cocoa.framework */; };
		5018120518EC5514004FDB1F /* Constraint.cpp in Sources */ = {isa = PBXBuildFile; fileRef = 5018120318EC5514004FDB1F /* Constraint.cpp */; };
		507C598618D72F4D005EF9AD /* SDL2.framework in Frameworks */ = {isa = PBXBuildFile; fileRef = 507C598518D72F4D005EF9AD /* SDL2.framework */; };
		50B1476118EDA67D00329C1A /* linear_expression.cpp in Sources */ = {isa = PBXBuildFile; fileRef = 50B1474F18EDA67D00329C1A /* linear_expression.cpp */; };
		50B1476218EDA67D00329C1A /* simplex_solver.cpp in Sources */ = {isa = PBXBuildFile; fileRef = 50B1475518EDA67D00329C1A /* simplex_solver.cpp */; };
		50B1476318EDA67D00329C1A /* symbolic_weight.cpp in Sources */ = {isa = PBXBuildFile; fileRef = 50B1475B18EDA67D00329C1A /* symbolic_weight.cpp */; };
		50B1476418EDA67D00329C1A /* tableau.cpp in Sources */ = {isa = PBXBuildFile; fileRef = 50B1475D18EDA67D00329C1A /* tableau.cpp */; };
		50D6CCF618DB2E58001C3A7A /* Surface.cpp in Sources */ = {isa = PBXBuildFile; fileRef = 50D6CCF418DB2E58001C3A7A /* Surface.cpp */; };
/* End PBXBuildFile section */

/* Begin PBXFileReference section */
		500A93DA18DA142E00A7F33E /* Color.cpp */ = {isa = PBXFileReference; fileEncoding = 4; lastKnownFileType = sourcecode.cpp.cpp; path = Color.cpp; sourceTree = "<group>"; };
		500A93DB18DA142E00A7F33E /* Color.h */ = {isa = PBXFileReference; fileEncoding = 4; lastKnownFileType = sourcecode.c.h; path = Color.h; sourceTree = "<group>"; };
		500A93DC18DA142E00A7F33E /* Geometry.cpp */ = {isa = PBXFileReference; fileEncoding = 4; lastKnownFileType = sourcecode.cpp.cpp; path = Geometry.cpp; sourceTree = "<group>"; };
		500A93DD18DA142E00A7F33E /* Geometry.h */ = {isa = PBXFileReference; fileEncoding = 4; lastKnownFileType = sourcecode.c.h; path = Geometry.h; sourceTree = "<group>"; };
		500A93DE18DA142E00A7F33E /* Layer.cpp */ = {isa = PBXFileReference; fileEncoding = 4; lastKnownFileType = sourcecode.cpp.cpp; path = Layer.cpp; sourceTree = "<group>"; };
		500A93DF18DA142E00A7F33E /* Layer.h */ = {isa = PBXFileReference; fileEncoding = 4; lastKnownFileType = sourcecode.c.h; path = Layer.h; sourceTree = "<group>"; };
		500A93E018DA142E00A7F33E /* Object.cpp */ = {isa = PBXFileReference; fileEncoding = 4; lastKnownFileType = sourcecode.cpp.cpp; path = Object.cpp; sourceTree = "<group>"; };
		500A93E118DA142E00A7F33E /* Object.h */ = {isa = PBXFileReference; fileEncoding = 4; lastKnownFileType = sourcecode.c.h; path = Object.h; sourceTree = "<group>"; };
		500A93E218DA142E00A7F33E /* Renderer.cpp */ = {isa = PBXFileReference; fileEncoding = 4; lastKnownFileType = sourcecode.cpp.cpp; path = Renderer.cpp; sourceTree = "<group>"; };
		500A93E318DA142E00A7F33E /* Renderer.h */ = {isa = PBXFileReference; fileEncoding = 4; lastKnownFileType = sourcecode.c.h; path = Renderer.h; sourceTree = "<group>"; };
		500A93E418DA142E00A7F33E /* goosdl.pch */ = {isa = PBXFileReference; fileEncoding = 4; lastKnownFileType = sourcecode.c.h; name = goosdl.pch; path = goosdl/goosdl.pch; sourceTree = SOURCE_ROOT; };
		500A93E518DA142E00A7F33E /* goosdl.plist */ = {isa = PBXFileReference; fileEncoding = 4; lastKnownFileType = text.plist.xml; name = goosdl.plist; path = goosdl/goosdl.plist; sourceTree = SOURCE_ROOT; };
		500A93E618DA142E00A7F33E /* main.cpp */ = {isa = PBXFileReference; fileEncoding = 4; lastKnownFileType = sourcecode.cpp.cpp; name = main.cpp; path = goosdl/main.cpp; sourceTree = SOURCE_ROOT; };
		500A93EF18DA209800A7F33E /* ColorTable.def.h */ = {isa = PBXFileReference; fileEncoding = 4; lastKnownFileType = sourcecode.c.h; path = ColorTable.def.h; sourceTree = "<group>"; };
		500AC36418D72B050008384D /* goosdl.app */ = {isa = PBXFileReference; explicitFileType = wrapper.application; includeInIndex = 0; path = goosdl.app; sourceTree = BUILT_PRODUCTS_DIR; };
		500AC36718D72B050008384D /* Cocoa.framework */ = {isa = PBXFileReference; lastKnownFileType = wrapper.framework; name = Cocoa.framework; path = System/Library/Frameworks/Cocoa.framework; sourceTree = SDKROOT; };
		5018120318EC5514004FDB1F /* Constraint.cpp */ = {isa = PBXFileReference; fileEncoding = 4; lastKnownFileType = sourcecode.cpp.cpp; path = Constraint.cpp; sourceTree = "<group>"; };
		5018120418EC5514004FDB1F /* Constraint.h */ = {isa = PBXFileReference; fileEncoding = 4; lastKnownFileType = sourcecode.c.h; path = Constraint.h; sourceTree = "<group>"; };
		507C598518D72F4D005EF9AD /* SDL2.framework */ = {isa = PBXFileReference; lastKnownFileType = wrapper.framework; name = SDL2.framework; path = ../../../../../Library/Frameworks/SDL2.framework; sourceTree = "<group>"; };
		50B1474218EDA67D00329C1A /* abstract_constraint.hpp */ = {isa = PBXFileReference; fileEncoding = 4; lastKnownFileType = sourcecode.cpp.h; path = abstract_constraint.hpp; sourceTree = "<group>"; };
		50B1474318EDA67D00329C1A /* abstract_variable.hpp */ = {isa = PBXFileReference; fileEncoding = 4; lastKnownFileType = sourcecode.cpp.h; path = abstract_variable.hpp; sourceTree = "<group>"; };
		50B1474418EDA67D00329C1A /* approx.hpp */ = {isa = PBXFileReference; fileEncoding = 4; lastKnownFileType = sourcecode.cpp.h; path = approx.hpp; sourceTree = "<group>"; };
		50B1474518EDA67D00329C1A /* constraint.hpp */ = {isa = PBXFileReference; fileEncoding = 4; lastKnownFileType = sourcecode.cpp.h; path = constraint.hpp; sourceTree = "<group>"; };
		50B1474618EDA67D00329C1A /* dummy_variable.hpp */ = {isa = PBXFileReference; fileEncoding = 4; lastKnownFileType = sourcecode.cpp.h; path = dummy_variable.hpp; sourceTree = "<group>"; };
		50B1474718EDA67D00329C1A /* edit_constraint.hpp */ = {isa = PBXFileReference; fileEncoding = 4; lastKnownFileType = sourcecode.cpp.h; path = edit_constraint.hpp; sourceTree = "<group>"; };
		50B1474818EDA67D00329C1A /* edit_or_stay_constraint.hpp */ = {isa = PBXFileReference; fileEncoding = 4; lastKnownFileType = sourcecode.cpp.h; path = edit_or_stay_constraint.hpp; sourceTree = "<group>"; };
		50B1474918EDA67D00329C1A /* errors.hpp */ = {isa = PBXFileReference; fileEncoding = 4; lastKnownFileType = sourcecode.cpp.h; path = errors.hpp; sourceTree = "<group>"; };
		50B1474A18EDA67D00329C1A /* errors_expl.hpp */ = {isa = PBXFileReference; fileEncoding = 4; lastKnownFileType = sourcecode.cpp.h; path = errors_expl.hpp; sourceTree = "<group>"; };
		50B1474B18EDA67D00329C1A /* float_variable.hpp */ = {isa = PBXFileReference; fileEncoding = 4; lastKnownFileType = sourcecode.cpp.h; path = float_variable.hpp; sourceTree = "<group>"; };
		50B1474C18EDA67D00329C1A /* iostream.hpp */ = {isa = PBXFileReference; fileEncoding = 4; lastKnownFileType = sourcecode.cpp.h; path = iostream.hpp; sourceTree = "<group>"; };
		50B1474D18EDA67D00329C1A /* linear_constraint.hpp */ = {isa = PBXFileReference; fileEncoding = 4; lastKnownFileType = sourcecode.cpp.h; path = linear_constraint.hpp; sourceTree = "<group>"; };
		50B1474E18EDA67D00329C1A /* linear_equation.hpp */ = {isa = PBXFileReference; fileEncoding = 4; lastKnownFileType = sourcecode.cpp.h; path = linear_equation.hpp; sourceTree = "<group>"; };
		50B1474F18EDA67D00329C1A /* linear_expression.cpp */ = {isa = PBXFileReference; fileEncoding = 4; lastKnownFileType = sourcecode.cpp.cpp; path = linear_expression.cpp; sourceTree = "<group>"; };
		50B1475018EDA67D00329C1A /* linear_expression.hpp */ = {isa = PBXFileReference; fileEncoding = 4; lastKnownFileType = sourcecode.cpp.h; path = linear_expression.hpp; sourceTree = "<group>"; };
		50B1475118EDA67D00329C1A /* linear_inequality.hpp */ = {isa = PBXFileReference; fileEncoding = 4; lastKnownFileType = sourcecode.cpp.h; path = linear_inequality.hpp; sourceTree = "<group>"; };
		50B1475218EDA67D00329C1A /* objective_variable.hpp */ = {isa = PBXFileReference; fileEncoding = 4; lastKnownFileType = sourcecode.cpp.h; path = objective_variable.hpp; sourceTree = "<group>"; };
		50B1475318EDA67D00329C1A /* parser.hpp */ = {isa = PBXFileReference; fileEncoding = 4; lastKnownFileType = sourcecode.cpp.h; path = parser.hpp; sourceTree = "<group>"; };
		50B1475418EDA67D00329C1A /* relation.hpp */ = {isa = PBXFileReference; fileEncoding = 4; lastKnownFileType = sourcecode.cpp.h; path = relation.hpp; sourceTree = "<group>"; };
		50B1475518EDA67D00329C1A /* simplex_solver.cpp */ = {isa = PBXFileReference; fileEncoding = 4; lastKnownFileType = sourcecode.cpp.cpp; path = simplex_solver.cpp; sourceTree = "<group>"; };
		50B1475618EDA67D00329C1A /* simplex_solver.hpp */ = {isa = PBXFileReference; fileEncoding = 4; lastKnownFileType = sourcecode.cpp.h; path = simplex_solver.hpp; sourceTree = "<group>"; };
		50B1475718EDA67D00329C1A /* slack_variable.hpp */ = {isa = PBXFileReference; fileEncoding = 4; lastKnownFileType = sourcecode.cpp.h; path = slack_variable.hpp; sourceTree = "<group>"; };
		50B1475818EDA67D00329C1A /* solver.hpp */ = {isa = PBXFileReference; fileEncoding = 4; lastKnownFileType = sourcecode.cpp.h; path = solver.hpp; sourceTree = "<group>"; };
		50B1475918EDA67D00329C1A /* stay_constraint.hpp */ = {isa = PBXFileReference; fileEncoding = 4; lastKnownFileType = sourcecode.cpp.h; path = stay_constraint.hpp; sourceTree = "<group>"; };
		50B1475A18EDA67D00329C1A /* strength.hpp */ = {isa = PBXFileReference; fileEncoding = 4; lastKnownFileType = sourcecode.cpp.h; path = strength.hpp; sourceTree = "<group>"; };
		50B1475B18EDA67D00329C1A /* symbolic_weight.cpp */ = {isa = PBXFileReference; fileEncoding = 4; lastKnownFileType = sourcecode.cpp.cpp; path = symbolic_weight.cpp; sourceTree = "<group>"; };
		50B1475C18EDA67D00329C1A /* symbolic_weight.hpp */ = {isa = PBXFileReference; fileEncoding = 4; lastKnownFileType = sourcecode.cpp.h; path = symbolic_weight.hpp; sourceTree = "<group>"; };
		50B1475D18EDA67D00329C1A /* tableau.cpp */ = {isa = PBXFileReference; fileEncoding = 4; lastKnownFileType = sourcecode.cpp.cpp; path = tableau.cpp; sourceTree = "<group>"; };
		50B1475E18EDA67D00329C1A /* tableau.hpp */ = {isa = PBXFileReference; fileEncoding = 4; lastKnownFileType = sourcecode.cpp.h; path = tableau.hpp; sourceTree = "<group>"; };
		50B1475F18EDA67D00329C1A /* variable.hpp */ = {isa = PBXFileReference; fileEncoding = 4; lastKnownFileType = sourcecode.cpp.h; path = variable.hpp; sourceTree = "<group>"; };
		50B1476018EDA67D00329C1A /* version.hpp */ = {isa = PBXFileReference; fileEncoding = 4; lastKnownFileType = sourcecode.cpp.h; path = version.hpp; sourceTree = "<group>"; };
		50D6CCF418DB2E58001C3A7A /* Surface.cpp */ = {isa = PBXFileReference; fileEncoding = 4; lastKnownFileType = sourcecode.cpp.cpp; path = Surface.cpp; sourceTree = "<group>"; };
		50D6CCF518DB2E58001C3A7A /* Surface.h */ = {isa = PBXFileReference; fileEncoding = 4; lastKnownFileType = sourcecode.c.h; path = Surface.h; sourceTree = "<group>"; };
/* End PBXFileReference section */

/* Begin PBXFrameworksBuildPhase section */
		500AC36118D72B050008384D /* Frameworks */ = {
			isa = PBXFrameworksBuildPhase;
			buildActionMask = 2147483647;
			files = (
				507C598618D72F4D005EF9AD /* SDL2.framework in Frameworks */,
				500AC36818D72B050008384D /* Cocoa.framework in Frameworks */,
			);
			runOnlyForDeploymentPostprocessing = 0;
		};
/* End PBXFrameworksBuildPhase section */

/* Begin PBXGroup section */
		500A93D918DA142E00A7F33E /* Core */ = {
			isa = PBXGroup;
			children = (
				50B1474118EDA67D00329C1A /* rhea */,
				500A93DB18DA142E00A7F33E /* Color.h */,
				500A93EF18DA209800A7F33E /* ColorTable.def.h */,
				500A93DA18DA142E00A7F33E /* Color.cpp */,
				500A93DD18DA142E00A7F33E /* Geometry.h */,
				500A93DC18DA142E00A7F33E /* Geometry.cpp */,
				500A93DF18DA142E00A7F33E /* Layer.h */,
				500A93DE18DA142E00A7F33E /* Layer.cpp */,
				500A93E118DA142E00A7F33E /* Object.h */,
				500A93E018DA142E00A7F33E /* Object.cpp */,
				500A93E318DA142E00A7F33E /* Renderer.h */,
				500A93E218DA142E00A7F33E /* Renderer.cpp */,
				50D6CCF518DB2E58001C3A7A /* Surface.h */,
				50D6CCF418DB2E58001C3A7A /* Surface.cpp */,
				5018120418EC5514004FDB1F /* Constraint.h */,
				5018120318EC5514004FDB1F /* Constraint.cpp */,
			);
			name = Core;
			path = goosdl/Core;
			sourceTree = SOURCE_ROOT;
		};
		500A93EE18DA145900A7F33E /* Support Files */ = {
			isa = PBXGroup;
			children = (
				500A93E418DA142E00A7F33E /* goosdl.pch */,
				500A93E518DA142E00A7F33E /* goosdl.plist */,
			);
			name = "Support Files";
			sourceTree = "<group>";
		};
		500AC35B18D72B050008384D = {
			isa = PBXGroup;
			children = (
				500AC36D18D72B050008384D /* goosdl */,
				500AC36618D72B050008384D /* Frameworks */,
				500AC36518D72B050008384D /* Products */,
			);
			sourceTree = "<group>";
		};
		500AC36518D72B050008384D /* Products */ = {
			isa = PBXGroup;
			children = (
				500AC36418D72B050008384D /* goosdl.app */,
			);
			name = Products;
			sourceTree = "<group>";
		};
		500AC36618D72B050008384D /* Frameworks */ = {
			isa = PBXGroup;
			children = (
				507C598518D72F4D005EF9AD /* SDL2.framework */,
				500AC36718D72B050008384D /* Cocoa.framework */,
			);
			name = Frameworks;
			sourceTree = "<group>";
		};
		500AC36D18D72B050008384D /* goosdl */ = {
			isa = PBXGroup;
			children = (
				500A93E618DA142E00A7F33E /* main.cpp */,
				500A93D918DA142E00A7F33E /* Core */,
				500A93EE18DA145900A7F33E /* Support Files */,
			);
			name = goosdl;
			path = SdlTest;
			sourceTree = "<group>";
		};
		50B1474118EDA67D00329C1A /* rhea */ = {
			isa = PBXGroup;
			children = (
				50B1474218EDA67D00329C1A /* abstract_constraint.hpp */,
				50B1474318EDA67D00329C1A /* abstract_variable.hpp */,
				50B1474418EDA67D00329C1A /* approx.hpp */,
				50B1474518EDA67D00329C1A /* constraint.hpp */,
				50B1474618EDA67D00329C1A /* dummy_variable.hpp */,
				50B1474718EDA67D00329C1A /* edit_constraint.hpp */,
				50B1474818EDA67D00329C1A /* edit_or_stay_constraint.hpp */,
				50B1474918EDA67D00329C1A /* errors.hpp */,
				50B1474A18EDA67D00329C1A /* errors_expl.hpp */,
				50B1474B18EDA67D00329C1A /* float_variable.hpp */,
				50B1474C18EDA67D00329C1A /* iostream.hpp */,
				50B1474D18EDA67D00329C1A /* linear_constraint.hpp */,
				50B1474E18EDA67D00329C1A /* linear_equation.hpp */,
				50B1474F18EDA67D00329C1A /* linear_expression.cpp */,
				50B1475018EDA67D00329C1A /* linear_expression.hpp */,
				50B1475118EDA67D00329C1A /* linear_inequality.hpp */,
				50B1475218EDA67D00329C1A /* objective_variable.hpp */,
				50B1475318EDA67D00329C1A /* parser.hpp */,
				50B1475418EDA67D00329C1A /* relation.hpp */,
				50B1475518EDA67D00329C1A /* simplex_solver.cpp */,
				50B1475618EDA67D00329C1A /* simplex_solver.hpp */,
				50B1475718EDA67D00329C1A /* slack_variable.hpp */,
				50B1475818EDA67D00329C1A /* solver.hpp */,
				50B1475918EDA67D00329C1A /* stay_constraint.hpp */,
				50B1475A18EDA67D00329C1A /* strength.hpp */,
				50B1475B18EDA67D00329C1A /* symbolic_weight.cpp */,
				50B1475C18EDA67D00329C1A /* symbolic_weight.hpp */,
				50B1475D18EDA67D00329C1A /* tableau.cpp */,
				50B1475E18EDA67D00329C1A /* tableau.hpp */,
				50B1475F18EDA67D00329C1A /* variable.hpp */,
				50B1476018EDA67D00329C1A /* version.hpp */,
			);
			path = rhea;
			sourceTree = "<group>";
		};
/* End PBXGroup section */

/* Begin PBXNativeTarget section */
		500AC36318D72B050008384D /* goosdl */ = {
			isa = PBXNativeTarget;
			buildConfigurationList = 500AC39518D72B050008384D /* Build configuration list for PBXNativeTarget "goosdl" */;
			buildPhases = (
				500AC36018D72B050008384D /* Sources */,
				500AC36118D72B050008384D /* Frameworks */,
				500AC36218D72B050008384D /* Resources */,
			);
			buildRules = (
			);
			dependencies = (
			);
			name = goosdl;
			productName = SdlTest;
			productReference = 500AC36418D72B050008384D /* goosdl.app */;
			productType = "com.apple.product-type.application";
		};
/* End PBXNativeTarget section */

/* Begin PBXProject section */
		500AC35C18D72B050008384D /* Project object */ = {
			isa = PBXProject;
			attributes = {
				CLASSPREFIX = CC_;
				LastUpgradeCheck = 0510;
				ORGANIZATIONNAME = "Albert Varaksin";
			};
			buildConfigurationList = 500AC35F18D72B050008384D /* Build configuration list for PBXProject "goosdl" */;
			compatibilityVersion = "Xcode 3.2";
			developmentRegion = English;
			hasScannedForEncodings = 0;
			knownRegions = (
				en,
				Base,
			);
			mainGroup = 500AC35B18D72B050008384D;
			productRefGroup = 500AC36518D72B050008384D /* Products */;
			projectDirPath = "";
			projectRoot = "";
			targets = (
				500AC36318D72B050008384D /* goosdl */,
			);
		};
/* End PBXProject section */

/* Begin PBXResourcesBuildPhase section */
		500AC36218D72B050008384D /* Resources */ = {
			isa = PBXResourcesBuildPhase;
			buildActionMask = 2147483647;
			files = (
			);
			runOnlyForDeploymentPostprocessing = 0;
		};
/* End PBXResourcesBuildPhase section */

/* Begin PBXSourcesBuildPhase section */
		500AC36018D72B050008384D /* Sources */ = {
			isa = PBXSourcesBuildPhase;
			buildActionMask = 2147483647;
			files = (
				500A93E918DA142E00A7F33E /* Layer.cpp in Sources */,
				50D6CCF618DB2E58001C3A7A /* Surface.cpp in Sources */,
				50B1476118EDA67D00329C1A /* linear_expression.cpp in Sources */,
				50B1476218EDA67D00329C1A /* simplex_solver.cpp in Sources */,
				500A93EB18DA142E00A7F33E /* Renderer.cpp in Sources */,
				500A93ED18DA142E00A7F33E /* main.cpp in Sources */,
				50B1476418EDA67D00329C1A /* tableau.cpp in Sources */,
				5018120518EC5514004FDB1F /* Constraint.cpp in Sources */,
				500A93E718DA142E00A7F33E /* Color.cpp in Sources */,
				50B1476318EDA67D00329C1A /* symbolic_weight.cpp in Sources */,
				500A93EA18DA142E00A7F33E /* Object.cpp in Sources */,
				500A93E818DA142E00A7F33E /* Geometry.cpp in Sources */,
			);
			runOnlyForDeploymentPostprocessing = 0;
		};
/* End PBXSourcesBuildPhase section */

/* Begin XCBuildConfiguration section */
		500AC39318D72B050008384D /* Debug */ = {
			isa = XCBuildConfiguration;
			buildSettings = {
				ALWAYS_SEARCH_USER_PATHS = NO;
				CLANG_CXX_LANGUAGE_STANDARD = "gnu++0x";
				CLANG_CXX_LIBRARY = "libc++";
				CLANG_ENABLE_MODULES = YES;
				CLANG_ENABLE_OBJC_ARC = YES;
				CLANG_WARN_BOOL_CONVERSION = YES;
				CLANG_WARN_CONSTANT_CONVERSION = YES;
				CLANG_WARN_DIRECT_OBJC_ISA_USAGE = YES_ERROR;
				CLANG_WARN_EMPTY_BODY = YES;
				CLANG_WARN_ENUM_CONVERSION = YES;
				CLANG_WARN_INT_CONVERSION = YES;
				CLANG_WARN_OBJC_ROOT_CLASS = YES_ERROR;
				CLANG_WARN__DUPLICATE_METHOD_MATCH = YES;
				COPY_PHASE_STRIP = NO;
				GCC_C_LANGUAGE_STANDARD = gnu99;
				GCC_DYNAMIC_NO_PIC = NO;
				GCC_ENABLE_OBJC_EXCEPTIONS = YES;
				GCC_OPTIMIZATION_LEVEL = 0;
				GCC_PREPROCESSOR_DEFINITIONS = (
					"DEBUG=1",
					"$(inherited)",
				);
				GCC_SYMBOLS_PRIVATE_EXTERN = NO;
				GCC_WARN_64_TO_32_BIT_CONVERSION = YES;
				GCC_WARN_ABOUT_RETURN_TYPE = YES_ERROR;
				GCC_WARN_UNDECLARED_SELECTOR = YES;
				GCC_WARN_UNINITIALIZED_AUTOS = YES_AGGRESSIVE;
				GCC_WARN_UNUSED_FUNCTION = YES;
				GCC_WARN_UNUSED_VARIABLE = YES;
				MACOSX_DEPLOYMENT_TARGET = 10.9;
				ONLY_ACTIVE_ARCH = YES;
				SDKROOT = macosx;
			};
			name = Debug;
		};
		500AC39418D72B050008384D /* Release */ = {
			isa = XCBuildConfiguration;
			buildSettings = {
				ALWAYS_SEARCH_USER_PATHS = NO;
				CLANG_CXX_LANGUAGE_STANDARD = "gnu++0x";
				CLANG_CXX_LIBRARY = "libc++";
				CLANG_ENABLE_MODULES = YES;
				CLANG_ENABLE_OBJC_ARC = YES;
				CLANG_WARN_BOOL_CONVERSION = YES;
				CLANG_WARN_CONSTANT_CONVERSION = YES;
				CLANG_WARN_DIRECT_OBJC_ISA_USAGE = YES_ERROR;
				CLANG_WARN_EMPTY_BODY = YES;
				CLANG_WARN_ENUM_CONVERSION = YES;
				CLANG_WARN_INT_CONVERSION = YES;
				CLANG_WARN_OBJC_ROOT_CLASS = YES_ERROR;
				CLANG_WARN__DUPLICATE_METHOD_MATCH = YES;
				COPY_PHASE_STRIP = YES;
				DEBUG_INFORMATION_FORMAT = "dwarf-with-dsym";
				ENABLE_NS_ASSERTIONS = NO;
				GCC_C_LANGUAGE_STANDARD = gnu99;
				GCC_ENABLE_OBJC_EXCEPTIONS = YES;
				GCC_WARN_64_TO_32_BIT_CONVERSION = YES;
				GCC_WARN_ABOUT_RETURN_TYPE = YES_ERROR;
				GCC_WARN_UNDECLARED_SELECTOR = YES;
				GCC_WARN_UNINITIALIZED_AUTOS = YES_AGGRESSIVE;
				GCC_WARN_UNUSED_FUNCTION = YES;
				GCC_WARN_UNUSED_VARIABLE = YES;
				MACOSX_DEPLOYMENT_TARGET = 10.9;
				SDKROOT = macosx;
			};
			name = Release;
		};
		500AC39618D72B050008384D /* Debug */ = {
			isa = XCBuildConfiguration;
			buildSettings = {
				ASSETCATALOG_COMPILER_APPICON_NAME = AppIcon;
				CLANG_WARN_IMPLICIT_SIGN_CONVERSION = YES;
				CLANG_WARN_SUSPICIOUS_IMPLICIT_CONVERSION = YES;
				CLANG_WARN__EXIT_TIME_DESTRUCTORS = NO;
				COMBINE_HIDPI_IMAGES = YES;
				FRAMEWORK_SEARCH_PATHS = (
					"$(inherited)",
					/Users/albert,
					"$(LOCAL_LIBRARY_DIR)/Frameworks",
				);
				GCC_PRECOMPILE_PREFIX_HEADER = YES;
				GCC_PREFIX_HEADER = goosdl/goosdl.pch;
				GCC_TREAT_INCOMPATIBLE_POINTER_TYPE_WARNINGS_AS_ERRORS = YES;
				GCC_TREAT_WARNINGS_AS_ERRORS = YES;
				GCC_WARN_ABOUT_MISSING_FIELD_INITIALIZERS = YES;
				GCC_WARN_ABOUT_MISSING_NEWLINE = YES;
				GCC_WARN_HIDDEN_VIRTUAL_FUNCTIONS = YES;
				GCC_WARN_NON_VIRTUAL_DESTRUCTOR = YES;
				GCC_WARN_PEDANTIC = YES;
				GCC_WARN_SIGN_COMPARE = YES;
				GCC_WARN_UNUSED_VARIABLE = NO;
				INFOPLIST_FILE = goosdl/goosdl.plist;
				OTHER_CPLUSPLUSFLAGS = "$(OTHER_CFLAGS)";
				PRODUCT_NAME = "$(TARGET_NAME)";
				WRAPPER_EXTENSION = app;
			};
			name = Debug;
		};
		500AC39718D72B050008384D /* Release */ = {
			isa = XCBuildConfiguration;
			buildSettings = {
				ASSETCATALOG_COMPILER_APPICON_NAME = AppIcon;
				CLANG_WARN_IMPLICIT_SIGN_CONVERSION = YES;
				CLANG_WARN_SUSPICIOUS_IMPLICIT_CONVERSION = YES;
				CLANG_WARN__EXIT_TIME_DESTRUCTORS = NO;
				COMBINE_HIDPI_IMAGES = YES;
				FRAMEWORK_SEARCH_PATHS = (
					"$(inherited)",
					/Users/albert,
					"$(LOCAL_LIBRARY_DIR)/Frameworks",
				);
				GCC_PRECOMPILE_PREFIX_HEADER = YES;
				GCC_PREFIX_HEADER = goosdl/goosdl.pch;
				GCC_TREAT_INCOMPATIBLE_POINTER_TYPE_WARNINGS_AS_ERRORS = YES;
				GCC_TREAT_WARNINGS_AS_ERRORS = YES;
				GCC_WARN_ABOUT_MISSING_FIELD_INITIALIZERS = YES;
				GCC_WARN_ABOUT_MISSING_NEWLINE = YES;
				GCC_WARN_HIDDEN_VIRTUAL_FUNCTIONS = YES;
				GCC_WARN_NON_VIRTUAL_DESTRUCTOR = YES;
				GCC_WARN_PEDANTIC = YES;
				GCC_WARN_SIGN_COMPARE = YES;
				GCC_WARN_UNUSED_VARIABLE = NO;
				INFOPLIST_FILE = goosdl/goosdl.plist;
				OTHER_CPLUSPLUSFLAGS = "$(OTHER_CFLAGS)";
				PRODUCT_NAME = "$(TARGET_NAME)";
				WRAPPER_EXTENSION = app;
			};
			name = Release;
		};
/* End XCBuildConfiguration section */

/* Begin XCConfigurationList section */
		500AC35F18D72B050008384D /* Build configuration list for PBXProject "goosdl" */ = {
			isa = XCConfigurationList;
			buildConfigurations = (
				500AC39318D72B050008384D /* Debug */,
				500AC39418D72B050008384D /* Release */,
			);
			defaultConfigurationIsVisible = 0;
			defaultConfigurationName = Release;
		};
		500AC39518D72B050008384D /* Build configuration list for PBXNativeTarget "goosdl" */ = {
			isa = XCConfigurationList;
			buildConfigurations = (
				500AC39618D72B050008384D /* Debug */,
				500AC39718D72B050008384D /* Release */,
			);
			defaultConfigurationIsVisible = 0;
			defaultConfigurationName = Release;
		};
/* End XCConfigurationList section */
	};
	rootObject = 500AC35C18D72B050008384D /* Project object */;
}
